{
  "name": "itflux-tldraw-sync",
  "lockfileVersion": 3,
  "requires": true,
  "packages": {
    "": {
      "name": "itflux-tldraw-sync",
      "dependencies": {
        "@tldraw/editor": "5.5.1",
        "@tldraw/sync-core": "5.5.1",
        "@tldraw/tlschema": "5.5.1",
        "ws": "8.18.3"
      }
    },
    "node_modules/@floating-ui/core": {
      "version": "1.8.0",
      "resolved": "https://registry.npmjs.org/@floating-ui/core/-/core-1.8.0.tgz",
      "integrity": "sha512-0CIZ5itps/8x7BG8dEIhs53BvCUH2PCoogtakwRTut+Arm58sJooJ0AuZhLw2HJYIR5cMLNPBSS728sPho2khQ==",
      "license": "MIT",
      "optional": true,
      "dependencies": {
        "@floating-ui/utils": "^0.2.12"
      }
    },
    "node_modules/@floating-ui/dom": {
      "version": "1.8.0",
      "resolved": "https://registry.npmjs.org/@floating-ui/dom/-/dom-1.8.0.tgz",
      "integrity": "sha512-yXSrzeHZBTZadLOlfyhCkJHNeLJnHRnRInwdZ40L7ZiaAtrBwoYlsDrX3v5zB1Utk7CLfzcOVnVVWoXEky7Ceg==",
      "license": "MIT",
      "optional": true,
      "dependencies": {
        "@floating-ui/core": "^1.8.0",
        "@floating-ui/utils": "^0.2.12"
      }
    },
    "node_modules/@floating-ui/utils": {
      "version": "0.2.12",
      "resolved": "https://registry.npmjs.org/@floating-ui/utils/-/utils-0.2.12.tgz",
      "integrity": "sha512-HpCo8tmWzLVad5s2d19EhAz5zqrrQ6s69qd6moPMQvkOuSwDT1YgRfWSVuc4ennqrgv3OHppiOGMQ7oC13yIww==",
      "license": "MIT",
      "optional": true
    },
    "node_modules/@tiptap/core": {
      "version": "3.31.4",
      "resolved": "https://registry.npmjs.org/@tiptap/core/-/core-3.31.4.tgz",
      "integrity": "sha512-cIVUQYBycighzsk6GbmCef8ZiEDVxoT5EuAe4xg2q9dNkDqCXVqI4YGr9aavCQEiAS4uHiRwqvcsPqJHipFDfg==",
      "license": "MIT",
      "funding": {
        "type": "github",
        "url": "https://github.com/sponsors/ueberdosis"
      },
      "peerDependencies": {
        "@tiptap/pm": "3.31.4"
      }
    },
    "node_modules/@tiptap/extension-bubble-menu": {
      "version": "3.31.4",
      "resolved": "https://registry.npmjs.org/@tiptap/extension-bubble-menu/-/extension-bubble-menu-3.31.4.tgz",
      "integrity": "sha512-Ml/yswuys+3QkOMajfXyAGlUKCxEbT3dMyF8vHwQ5mDk9MDm+dqp10It5CrDBkUT/KkVTa6AJI3kb0TXZJZiAA==",
      "license": "MIT",
      "optional": true,
      "dependencies": {
        "@floating-ui/dom": "^1.0.0"
      },
      "funding": {
        "type": "github",
        "url": "https://github.com/sponsors/ueberdosis"
      },
      "peerDependencies": {
        "@tiptap/core": "3.31.4",
        "@tiptap/pm": "3.31.4"
      }
    },
    "node_modules/@tiptap/extension-floating-menu": {
      "version": "3.31.4",
      "resolved": "https://registry.npmjs.org/@tiptap/extension-floating-menu/-/extension-floating-menu-3.31.4.tgz",
      "integrity": "sha512-pKzulkDmolpVt7IP9FSPsC5pKbXQ5pyeqkaAYr8cyOVW+KUObpPRIzAuXvEso8PCjWgwJ1f2qyishOEMw8MbfQ==",
      "license": "MIT",
      "optional": true,
      "funding": {
        "type": "github",
        "url": "https://github.com/sponsors/ueberdosis"
      },
      "peerDependencies": {
        "@floating-ui/dom": "^1.0.0",
        "@tiptap/core": "3.31.4",
        "@tiptap/pm": "3.31.4"
      }
    },
    "node_modules/@tiptap/pm": {
      "version": "3.31.4",
      "resolved": "https://registry.npmjs.org/@tiptap/pm/-/pm-3.31.4.tgz",
      "integrity": "sha512-x7dwth79cQp4QGae66/RJqMDJQv0+n7b7dD7cyFQBWqzPFLJxN/4paHY4qbWedZjNLhRyIOAD9a5q4AYM1zmPA==",
      "license": "MIT",
      "dependencies": {
        "prosemirror-changeset": "^2.4.1",
        "prosemirror-commands": "^1.7.1",
        "prosemirror-dropcursor": "^1.8.2",
        "prosemirror-gapcursor": "^1.4.1",
        "prosemirror-history": "^1.5.0",
        "prosemirror-inputrules": "^1.5.1",
        "prosemirror-keymap": "^1.2.3",
        "prosemirror-model": "^1.25.11",
        "prosemirror-schema-list": "^1.5.1",
        "prosemirror-state": "^1.4.4",
        "prosemirror-tables": "^1.8.5",
        "prosemirror-transform": "^1.12.0",
        "prosemirror-view": "^1.42.3"
      },
      "funding": {
        "type": "github",
        "url": "https://github.com/sponsors/ueberdosis"
      }
    },
    "node_modules/@tiptap/react": {
      "version": "3.31.4",
      "resolved": "https://registry.npmjs.org/@tiptap/react/-/react-3.31.4.tgz",
      "integrity": "sha512-mBvvXgdPhMinT1NPfwHvFK1dFdMXHVWMSeNn0IPj7/zV0XBmOnASkEOwoIvl8NluKYEtpZBE1yA+6pN2enLa5g==",
      "license": "MIT",
      "dependencies": {
        "@types/use-sync-external-store": "^0.0.6",
        "fast-equals": "^5.3.3",
        "use-sync-external-store": "^1.4.0"
      },
      "funding": {
        "type": "github",
        "url": "https://github.com/sponsors/ueberdosis"
      },
      "optionalDependencies": {
        "@tiptap/extension-bubble-menu": "3.31.4",
        "@tiptap/extension-floating-menu": "3.31.4"
      },
      "peerDependencies": {
        "@tiptap/core": "3.31.4",
        "@tiptap/pm": "3.31.4",
        "@types/react": "^17.0.0 || ^18.0.0 || ^19.0.0",
        "@types/react-dom": "^17.0.0 || ^18.0.0 || ^19.0.0",
        "react": "^17.0.0 || ^18.0.0 || ^19.0.0",
        "react-dom": "^17.0.0 || ^18.0.0 || ^19.0.0"
      }
    },
    "node_modules/@tldraw/editor": {
      "version": "5.5.1",
      "resolved": "https://registry.npmjs.org/@tldraw/editor/-/editor-5.5.1.tgz",
      "integrity": "sha512-Y2PMRMNOJUCuhZwxRztv38G6e0VclLi+I2N3sCDNz6n2D6df7Rg1pxxWudTdLGpK1Po2X88J6qp8gYmaxMHWIQ==",
      "license": "SEE LICENSE IN LICENSE.md",
      "dependencies": {
        "@tiptap/core": "^3.12.1",
        "@tiptap/pm": "^3.12.1",
        "@tiptap/react": "^3.12.1",
        "@tldraw/state": "5.5.1",
        "@tldraw/state-react": "5.5.1",
        "@tldraw/store": "5.5.1",
        "@tldraw/tlschema": "5.5.1",
        "@tldraw/utils": "5.5.1",
        "@tldraw/validate": "5.5.1",
        "classnames": "^2.5.1",
        "eventemitter3": "^4.0.7",
        "idb": "^7.1.1",
        "is-plain-object": "^5.0.0",
        "rbush": "^3.0.1"
      },
      "engines": {
        "node": ">=22.12.0"
      },
      "peerDependencies": {
        "react": "^18.2.0 || ^19.2.1",
        "react-dom": "^18.2.0 || ^19.2.1"
      }
    },
    "node_modules/@tldraw/state": {
      "version": "5.5.1",
      "resolved": "https://registry.npmjs.org/@tldraw/state/-/state-5.5.1.tgz",
      "integrity": "sha512-6Vc55DlIgsTckzyMhoEA5euT1pGEpGgd5LuynEOvUJCXsYOl2mg35+BdGhLJPXR0afGHt4IKh/cpgnGpYg7Esw==",
      "license": "MIT",
      "dependencies": {
        "@tldraw/utils": "5.5.1"
      },
      "engines": {
        "node": ">=22.12.0"
      }
    },
    "node_modules/@tldraw/state-react": {
      "version": "5.5.1",
      "resolved": "https://registry.npmjs.org/@tldraw/state-react/-/state-react-5.5.1.tgz",
      "integrity": "sha512-g5bD09YmHAepSwUPWytrczYB7o3RWYtYvi6eBjEPTLGx4HCs9rTe+p1bUlaTQ2OKax3Aoh0OzTuFIvjnQuM/ZQ==",
      "license": "MIT",
      "dependencies": {
        "@tldraw/state": "5.5.1",
        "@tldraw/utils": "5.5.1"
      },
      "engines": {
        "node": ">=22.12.0"
      },
      "peerDependencies": {
        "react": "^18.2.0 || ^19.2.1",
        "react-dom": "^18.2.0 || ^19.2.1"
      }
    },
    "node_modules/@tldraw/store": {
      "version": "5.5.1",
      "resolved": "https://registry.npmjs.org/@tldraw/store/-/store-5.5.1.tgz",
      "integrity": "sha512-hMn7fvcECIU7G2o9W9eSmwM/gtQ9N6dGXVfH2DRXFQSkQETEENOyOyV3PE1rxBk2Uovk2HPM7bbpWqgCt1vT1g==",
      "license": "MIT",
      "dependencies": {
        "@tldraw/state": "5.5.1",
        "@tldraw/utils": "5.5.1"
      },
      "engines": {
        "node": ">=22.12.0"
      },
      "peerDependencies": {
        "react": "^18.2.0 || ^19.2.1"
      }
    },
    "node_modules/@tldraw/sync-core": {
      "version": "5.5.1",
      "resolved": "https://registry.npmjs.org/@tldraw/sync-core/-/sync-core-5.5.1.tgz",
      "integrity": "sha512-10Be4OnBtiL7676Z6HEVVMpI1G4ea539i0s5zuHJ7vs1EhuBIQYOpAEbc4pYAZVTcMI7t2AcS/gF6n5MsXu48g==",
      "license": "SEE LICENSE IN LICENSE.md",
      "dependencies": {
        "@tldraw/state": "5.5.1",
        "@tldraw/store": "5.5.1",
        "@tldraw/tlschema": "5.5.1",
        "@tldraw/utils": "5.5.1",
        "nanoevents": "^7.0.1",
        "ws": "^8.18.0"
      },
      "engines": {
        "node": ">=22.12.0"
      },
      "peerDependencies": {
        "react": "^18.2.0 || ^19.2.1",
        "react-dom": "^18.2.0 || ^19.2.1"
      }
    },
    "node_modules/@tldraw/tlschema": {
      "version": "5.5.1",
      "resolved": "https://registry.npmjs.org/@tldraw/tlschema/-/tlschema-5.5.1.tgz",
      "integrity": "sha512-2JRc6BWakyiENzaJ36OvTsaB3i9EHNWY6AvYsombP9/NKIyVjEikTqH/wuuk0xgh6mUmsNGBi6lW4XBbk6owlw==",
      "license": "MIT",
      "dependencies": {
        "@tldraw/state": "5.5.1",
        "@tldraw/store": "5.5.1",
        "@tldraw/utils": "5.5.1",
        "@tldraw/validate": "5.5.1"
      },
      "engines": {
        "node": ">=22.12.0"
      },
      "peerDependencies": {
        "react": "^18.2.0 || ^19.2.1",
        "react-dom": "^18.2.0 || ^19.2.1"
      }
    },
    "node_modules/@tldraw/utils": {
      "version": "5.5.1",
      "resolved": "https://registry.npmjs.org/@tldraw/utils/-/utils-5.5.1.tgz",
      "integrity": "sha512-ucbeKOCyrZy2YedinFGbQrc9DRToEuwydTSZpmmOdQdeR1Me3c1PrNsGoAC3sNJlO55pZblTowxuJljpEP2FKA==",
      "license": "MIT",
      "dependencies": {
        "lodash.isequal": "^4.5.0",
        "lodash.isequalwith": "^4.4.0",
        "lodash.throttle": "^4.1.1",
        "lodash.uniq": "^4.5.0"
      },
      "engines": {
        "node": ">=22.12.0"
      }
    },
    "node_modules/@tldraw/validate": {
      "version": "5.5.1",
      "resolved": "https://registry.npmjs.org/@tldraw/validate/-/validate-5.5.1.tgz",
      "integrity": "sha512-I2fNogtvh9DXLdwJ9g6BIEdN8rMBxNBZgHlhJvyXe1LOE5KcuXowLL8vTob2J94IgOXVSQ9ba9UPFumy8s/LRA==",
      "license": "MIT",
      "dependencies": {
        "@tldraw/utils": "5.5.1"
      },
      "engines": {
        "node": ">=22.12.0"
      }
    },
    "node_modules/@types/react": {
      "version": "19.3.0",
      "resolved": "https://registry.npmjs.org/@types/react/-/react-19.3.0.tgz",
      "integrity": "sha512-N0rFCuH9YoxG9/m61l9MfpJKfmLOVU0em7ipIz6TRgSSkvReLB9vL85GB+yr8Bs5leqpvg96JSwF4ZS1s4viQg==",
      "license": "MIT",
      "peer": true,
      "dependencies": {
        "csstype": "^3.2.2"
      }
    },
    "node_modules/@types/react-dom": {
      "version": "19.3.0",
      "resolved": "https://registry.npmjs.org/@types/react-dom/-/react-dom-19.3.0.tgz",
      "integrity": "sha512-ZI7bU42mZXXKHn/qNLEw2IrbiINU7X5+vfgdixBHkCNpYWXjKgfQ/P+uyGb5CjOLB9UcnTeg3rylQtV2hym44Q==",
      "license": "MIT",
      "peer": true,
      "peerDependencies": {
        "@types/react": "^19.3.0"
      }
    },
    "node_modules/@types/use-sync-external-store": {
      "version": "0.0.6",
      "resolved": "https://registry.npmjs.org/@types/use-sync-external-store/-/use-sync-external-store-0.0.6.tgz",
      "integrity": "sha512-zFDAD+tlpf2r4asuHEj0XH6pY6i0g5NeAHPn+15wk3BV6JA69eERFXC1gyGThDkVa1zCyKr5jox1+2LbV/AMLg==",
      "license": "MIT"
    },
    "node_modules/classnames": {
      "version": "2.5.1",
      "resolved": "https://registry.npmjs.org/classnames/-/classnames-2.5.1.tgz",
      "integrity": "sha512-saHYOzhIQs6wy2sVxTM6bUDsQO4F50V9RQ22qBpEdCW+I+/Wmke2HOl6lS6dTpdxVhb88/I6+Hs+438c3lfUow==",
      "license": "MIT"
    },
    "node_modules/csstype": {
      "version": "3.2.3",
      "resolved": "https://registry.npmjs.org/csstype/-/csstype-3.2.3.tgz",
      "integrity": "sha512-z1HGKcYy2xA8AGQfwrn0PAy+PB7X/GSj3UVJW9qKyn43xWa+gl5nXmU4qqLMRzWVLFC8KusUX8T/0kCiOYpAIQ==",
      "license": "MIT",
      "peer": true
    },
    "node_modules/eventemitter3": {
      "version": "4.0.7",
      "resolved": "https://registry.npmjs.org/eventemitter3/-/eventemitter3-4.0.7.tgz",
      "integrity": "sha512-8guHBZCwKnFhYdHr2ysuRWErTwhoN2X8XELRlrRwpmfeY2jjuUN4taQMsULKUVo1K4DvZl+0pgfyoysHxvmvEw==",
      "license": "MIT"
    },
    "node_modules/fast-equals": {
      "version": "5.4.3",
      "resolved": "https://registry.npmjs.org/fast-equals/-/fast-equals-5.4.3.tgz",
      "integrity": "sha512-8unmvA0qrfpFWBYUate9BTGtQdKHWBYt+KdAIkag7Vvxe7wz8Q2nJg7fLMC0bJqe0bjP31kca7Ckaawrs4Istg==",
      "license": "MIT",
      "engines": {
        "node": ">=6.0.0"
      }
    },
    "node_modules/idb": {
      "version": "7.1.1",
      "resolved": "https://registry.npmjs.org/idb/-/idb-7.1.1.tgz",
      "integrity": "sha512-gchesWBzyvGHRO9W8tzUWFDycow5gwjvFKfyV9FF32Y7F50yZMp7mP+T2mJIWFx49zicqyC4uefHM17o6xKIVQ==",
      "license": "ISC"
    },
    "node_modules/is-plain-object": {
      "version": "5.1.0",
      "resolved": "https://registry.npmjs.org/is-plain-object/-/is-plain-object-5.1.0.tgz",
      "integrity": "sha512-bUi/yjmtKYcRVUtWRGr0UA6xEFh2I6zWUwMrUXB3s7bmYCaZ8a+0ZsTRkrawh/mzlSD1Y0Ph8bp/U+TvBpWDNw==",
      "license": "MIT",
      "engines": {
        "node": ">=0.10.0"
      }
    },
    "node_modules/lodash.isequal": {
      "version": "4.5.0",
      "resolved": "https://registry.npmjs.org/lodash.isequal/-/lodash.isequal-4.5.0.tgz",
      "integrity": "sha512-pDo3lu8Jhfjqls6GkMgpahsF9kCyayhgykjyLMNFTKWrpVdAQtYyB4muAMWozBB4ig/dtWAmsMxLEI8wuz+DYQ==",
      "deprecated": "This package is deprecated. Use require('node:util').isDeepStrictEqual instead.",
      "license": "MIT"
    },
    "node_modules/lodash.isequalwith": {
      "version": "4.4.0",
      "resolved": "https://registry.npmjs.org/lodash.isequalwith/-/lodash.isequalwith-4.4.0.tgz",
      "integrity": "sha512-dcZON0IalGBpRmJBmMkaoV7d3I80R2O+FrzsZyHdNSFrANq/cgDqKQNmAHE8UEj4+QYWwwhkQOVdLHiAopzlsQ==",
      "license": "MIT"
    },
    "node_modules/lodash.throttle": {
      "version": "4.1.1",
      "resolved": "https://registry.npmjs.org/lodash.throttle/-/lodash.throttle-4.1.1.tgz",
      "integrity": "sha512-wIkUCfVKpVsWo3JSZlc+8MB5it+2AN5W8J7YVMST30UrvcQNZ1Okbj+rbVniijTWE6FGYy4XJq/rHkas8qJMLQ==",
      "license": "MIT"
    },
    "node_modules/lodash.uniq": {
      "version": "4.5.0",
      "resolved": "https://registry.npmjs.org/lodash.uniq/-/lodash.uniq-4.5.0.tgz",
      "integrity": "sha512-xfBaXQd9ryd9dlSDvnvI0lvxfLJlYAZzXomUYzLKtUeOQvOP5piqAWuGtrhWeqaXK9hhoM/iyJc5AV+XfsX3HQ==",
      "license": "MIT"
    },
    "node_modules/nanoevents": {
      "version": "7.0.1",
      "resolved": "https://registry.npmjs.org/nanoevents/-/nanoevents-7.0.1.tgz",
      "integrity": "sha512-o6lpKiCxLeijK4hgsqfR6CNToPyRU3keKyyI6uwuHRvpRTbZ0wXw51WRgyldVugZqoJfkGFrjrIenYH3bfEO3Q==",
      "license": "MIT",
      "engines": {
        "node": "^14.0.0 || ^16.0.0 || >=18.0.0"
      }
    },
    "node_modules/orderedmap": {
      "version": "2.1.1",
      "resolved": "https://registry.npmjs.org/orderedmap/-/orderedmap-2.1.1.tgz",
      "integrity": "sha512-TvAWxi0nDe1j/rtMcWcIj94+Ffe6n7zhow33h40SKxmsmozs6dz/e+EajymfoFcHd7sxNn8yHM8839uixMOV6g==",
      "license": "MIT"
    },
    "node_modules/prosemirror-changeset": {
      "version": "2.4.4",
      "resolved": "https://registry.npmjs.org/prosemirror-changeset/-/prosemirror-changeset-2.4.4.tgz",
      "integrity": "sha512-Gyuz9jYdrAeA9I7AholyOes9KUmv/lEwsC5O9s5xF5VB3EgTPsXMGUxz4+H1B+wKVPdZbvRcg1Cp3x8qX+8ofA==",
      "license": "MIT",
      "dependencies": {
        "prosemirror-transform": "^1.0.0"
      }
    },
    "node_modules/prosemirror-commands": {
      "version": "1.7.2",
      "resolved": "https://registry.npmjs.org/prosemirror-commands/-/prosemirror-commands-1.7.2.tgz",
      "integrity": "sha512-q6Q6szxqdu9Xd6EcdKsqXghu5nQdZTpB4Q9yd04WRc7/jt763e/rT60Owh0L1GYY+T46o5rD+9lEN36dZS43tw==",
      "license": "MIT",
      "dependencies": {
        "prosemirror-model": "^1.0.0",
        "prosemirror-state": "^1.0.0",
        "prosemirror-transform": "^1.10.2"
      }
    },
    "node_modules/prosemirror-dropcursor": {
      "version": "1.8.4",
      "resolved": "https://registry.npmjs.org/prosemirror-dropcursor/-/prosemirror-dropcursor-1.8.4.tgz",
      "integrity": "sha512-VmKxhcA6a+h5oPSYmfF1ZNeQqPbyYaIxqZsKqeYCyTlPtrjUgNaHL3P8vVaO19oqAV0zuaM/axkowZHrB1P3Tg==",
      "license": "MIT",
      "dependencies": {
        "prosemirror-state": "^1.0.0",
        "prosemirror-transform": "^1.1.0",
        "prosemirror-view": "^1.1.0"
      }
    },
    "node_modules/prosemirror-gapcursor": {
      "version": "1.4.1",
      "resolved": "https://registry.npmjs.org/prosemirror-gapcursor/-/prosemirror-gapcursor-1.4.1.tgz",
      "integrity": "sha512-pMdYaEnjNMSwl11yjEGtgTmLkR08m/Vl+Jj443167p9eB3HVQKhYCc4gmHVDsLPODfZfjr/MmirsdyZziXbQKw==",
      "license": "MIT",
      "dependencies": {
        "prosemirror-keymap": "^1.0.0",
        "prosemirror-model": "^1.0.0",
        "prosemirror-state": "^1.0.0",
        "prosemirror-view": "^1.0.0"
      }
    },
    "node_modules/prosemirror-history": {
      "version": "1.5.1",
      "resolved": "https://registry.npmjs.org/prosemirror-history/-/prosemirror-history-1.5.1.tgz",
      "integrity": "sha512-onlwnqKvgtFg6srZOmDOAhlAy1FIHQpOExORybX0S+DvJepE5tPALrB9iGet/2sqqqrelSnB10OoiOJqAvu2DA==",
      "license": "MIT",
      "dependencies": {
        "prosemirror-state": "^1.2.2",
        "prosemirror-transform": "^1.0.0",
        "prosemirror-view": "^1.31.0",
        "rope-sequence": "^1.3.0"
      }
    },
    "node_modules/prosemirror-inputrules": {
      "version": "1.5.1",
      "resolved": "https://registry.npmjs.org/prosemirror-inputrules/-/prosemirror-inputrules-1.5.1.tgz",
      "integrity": "sha512-7wj4uMjKaXWAQ1CDgxNzNtR9AlsuwzHfdFH1ygEHA2KHF2DOEaXl1CJfNPAKCg9qNEh4rum975QLaCiQPyY6Fw==",
      "license": "MIT",
      "dependencies": {
        "prosemirror-state": "^1.0.0",
        "prosemirror-transform": "^1.0.0"
      }
    },
    "node_modules/prosemirror-keymap": {
      "version": "1.2.3",
      "resolved": "https://registry.npmjs.org/prosemirror-keymap/-/prosemirror-keymap-1.2.3.tgz",
      "integrity": "sha512-4HucRlpiLd1IPQQXNqeo81BGtkY8Ai5smHhKW9jjPKRc2wQIxksg7Hl1tTI2IfT2B/LgX6bfYvXxEpJl7aKYKw==",
      "license": "MIT",
      "dependencies": {
        "prosemirror-state": "^1.0.0",
        "w3c-keyname": "^2.2.0"
      }
    },
    "node_modules/prosemirror-model": {
      "version": "1.25.12",
      "resolved": "https://registry.npmjs.org/prosemirror-model/-/prosemirror-model-1.25.12.tgz",
      "integrity": "sha512-Ue2gTmXMa7EhpLNhC7J+h4+ykD8ha12K6rrZFFKKJHBForfIStw5gJ6Zrf1mqqAa9NmpmEB4wp9bKmA4eUVjWg==",
      "license": "MIT",
      "dependencies": {
        "orderedmap": "^2.0.0"
      }
    },
    "node_modules/prosemirror-schema-list": {
      "version": "1.5.1",
      "resolved": "https://registry.npmjs.org/prosemirror-schema-list/-/prosemirror-schema-list-1.5.1.tgz",
      "integrity": "sha512-927lFx/uwyQaGwJxLWCZRkjXG0p48KpMj6ueoYiu4JX05GGuGcgzAy62dfiV8eFZftgyBUvLx76RsMe20fJl+Q==",
      "license": "MIT",
      "dependencies": {
        "prosemirror-model": "^1.0.0",
        "prosemirror-state": "^1.0.0",
        "prosemirror-transform": "^1.7.3"
      }
    },
    "node_modules/prosemirror-state": {
      "version": "1.4.4",
      "resolved": "https://registry.npmjs.org/prosemirror-state/-/prosemirror-state-1.4.4.tgz",
      "integrity": "sha512-6jiYHH2CIGbCfnxdHbXZ12gySFY/fz/ulZE333G6bPqIZ4F+TXo9ifiR86nAHpWnfoNjOb3o5ESi7J8Uz1jXHw==",
      "license": "MIT",
      "dependencies": {
        "prosemirror-model": "^1.0.0",
        "prosemirror-transform": "^1.0.0",
        "prosemirror-view": "^1.27.0"
      }
    },
    "node_modules/prosemirror-tables": {
      "version": "1.8.5",
      "resolved": "https://registry.npmjs.org/prosemirror-tables/-/prosemirror-tables-1.8.5.tgz",
      "integrity": "sha512-V/0cDCsHKHe/tfWkeCmthNUcEp1IVO3p6vwN8XtwE9PZQLAZJigbw3QoraAdfJPir4NKJtNvOB8oYGKRl+t0Dw==",
      "license": "MIT",
      "dependencies": {
        "prosemirror-keymap": "^1.2.3",
        "prosemirror-model": "^1.25.4",
        "prosemirror-state": "^1.4.4",
        "prosemirror-transform": "^1.10.5",
        "prosemirror-view": "^1.41.4"
      }
    },
    "node_modules/prosemirror-transform": {
      "version": "1.12.2",
      "resolved": "https://registry.npmjs.org/prosemirror-transform/-/prosemirror-transform-1.12.2.tgz",
      "integrity": "sha512-PE/aY0HEY4zczvmqrilgkUK/WautF0chvMqkmM/iN5/aPHvwrCWaQZjS6CIZp+K84YrvPFqrL+YArrfJX8xX7g==",
      "license": "MIT",
      "dependencies": {
        "prosemirror-model": "^1.21.0"
      }
    },
    "node_modules/prosemirror-view": {
      "version": "1.42.6",
      "resolved": "https://registry.npmjs.org/prosemirror-view/-/prosemirror-view-1.42.6.tgz",
      "integrity": "sha512-3g25f6hKV2bBxo3puH3EcYWmmVNSH0iWmNsMVT7sugDSpA025jgpOLarcDWr39SdzPjYMaiYtRdNtXialPSjEQ==",
      "license": "MIT",
      "dependencies": {
        "prosemirror-model": "^1.25.12",
        "prosemirror-state": "^1.0.0",
        "prosemirror-transform": "^1.1.0"
      }
    },
    "node_modules/quickselect": {
      "version": "2.0.0",
      "resolved": "https://registry.npmjs.org/quickselect/-/quickselect-2.0.0.tgz",
      "integrity": "sha512-RKJ22hX8mHe3Y6wH/N3wCM6BWtjaxIyyUIkpHOvfFnxdI4yD4tBXEBKSbriGujF6jnSVkJrffuo6vxACiSSxIw==",
      "license": "ISC"
    },
    "node_modules/rbush": {
      "version": "3.0.1",
      "resolved": "https://registry.npmjs.org/rbush/-/rbush-3.0.1.tgz",
      "integrity": "sha512-XRaVO0YecOpEuIvbhbpTrZgoiI6xBlz6hnlr6EHhd+0x9ase6EmeN+hdwwUaJvLcsFFQ8iWVF1GAK1yB0BWi0w==",
      "license": "MIT",
      "dependencies": {
        "quickselect": "^2.0.0"
      }
    },
    "node_modules/react": {
      "version": "19.3.0",
      "resolved": "https://registry.npmjs.org/react/-/react-19.3.0.tgz",
      "integrity": "sha512-E8LUcbtBWt20bbl2YoHfx4ZDBdxVTfOKtCZn9cDSJ4l6/nuoApcpIBcj47t2wZoVX8g2ZHuMHbiShgCR1T5Sog==",
      "license": "MIT",
      "peer": true,
      "engines": {
        "node": ">=0.10.0"
      }
    },
    "node_modules/react-dom": {
      "version": "19.3.0",
      "resolved": "https://registry.npmjs.org/react-dom/-/react-dom-19.3.0.tgz",
      "integrity": "sha512-JDk8dgif51OjFoDE70+OT9ICyYr+69HlmihNwp1+Nsfbna3t5sIiCa9ZJktDmQ4/1b/rn26hIAR2uYXDMr5r0Q==",
      "license": "MIT",
      "peer": true,
      "dependencies": {
        "scheduler": "^0.28.0"
      },
      "peerDependencies": {
        "react": "^19.3.0"
      }
    },
    "node_modules/rope-sequence": {
      "version": "1.3.4",
      "resolved": "https://registry.npmjs.org/rope-sequence/-/rope-sequence-1.3.4.tgz",
      "integrity": "sha512-UT5EDe2cu2E/6O4igUr5PSFs23nvvukicWHx6GnOPlHAiiYbzNuCRQCuiUdHJQcqKalLKlrYJnjY0ySGsXNQXQ==",
      "license": "MIT"
    },
    "node_modules/scheduler": {
      "version": "0.28.0",
      "resolved": "https://registry.npmjs.org/scheduler/-/scheduler-0.28.0.tgz",
      "integrity": "sha512-juorfCmIkIw8tT+p5BXSm6PJjQF/ycEYmKyzURCIt/RaZIhL+PulbQ9Yu2z1HdOJDdqDTlxA1+xKBmHXJsczAw==",
      "license": "MIT",
      "peer": true
    },
    "node_modules/use-sync-external-store": {
      "version": "1.7.0",
      "resolved": "https://registry.npmjs.org/use-sync-external-store/-/use-sync-external-store-1.7.0.tgz",
      "integrity": "sha512-6L+EeigHMQhdaIPNIFUKwfWJSwWFQ8gJbJ2DLOs5sDIegTwR9fRxvnM3uciHKjIZhFz+KAv2emhWMRvDmMcY8A==",
      "license": "MIT",
      "peerDependencies": {
        "react": "^16.8.0 || ^17.0.0 || ^18.0.0 || ^19.0.0"
      }
    },
    "node_modules/w3c-keyname": {
      "version": "2.2.8",
      "resolved": "https://registry.npmjs.org/w3c-keyname/-/w3c-keyname-2.2.8.tgz",
      "integrity": "sha512-dpojBhNsCNN7T82Tm7k26A6G9ML3NkhDsnw9n/eoxSRlVBB4CEtIQ/KTCLI2Fwf3ataSXRhYFkQi3SlnFwPvPQ==",
      "license": "MIT"
    },
    "node_modules/ws": {
      "version": "8.18.3",
      "resolved": "https://registry.npmjs.org/ws/-/ws-8.18.3.tgz",
      "integrity": "sha512-PEIGCY5tSlUt50cqyMXfCzX+oOPqN0vuGqWzbcJ2xvnkzkq46oOpz7dQaTDBdfICb4N14+GARUDw2XV2N4tvzg==",
      "license": "MIT",
      "engines": {
        "node": ">=10.0.0"
      },
      "peerDependencies": {
        "bufferutil": "^4.0.1",
        "utf-8-validate": ">=5.0.2"
      },
      "peerDependenciesMeta": {
        "bufferutil": {
          "optional": true
        },
        "utf-8-validate": {
          "optional": true
        }
      }
    }
  }
}
